uuid: 0f40daca-fbc3-43c6-b97a-fb53aa010d6a
langcode: en
status: true
dependencies:
  config:
    - contact.form.collection_contact
  module:
    - contact_block
    - context
    - islandora
    - node
  theme:
    - idcui
id: contactblock
theme: idcui
region: modal
weight: 0
provider: null
plugin: contact_block
settings:
  id: contact_block
  label: 'Leave Feedback or Ask a Question'
  label_display: '0'
  provider: contact_block
  contact_form: collection_contact
  form_display: default
visibility:
  media_source_mimetype:
    id: media_source_mimetype
    mimetype: ''
    negate: false
    context_mapping: {  }
  context_all:
    id: context_all
    negate: null
    values: ''
  context:
    id: context
    negate: null
    values: ''
  user_status:
    id: user_status
    negate: false
    context_mapping:
      user: '@user.current_user_context:current_user'
    user_status:
      viewing_profile: '0'
      logged_viewing_profile: '0'
      own_page_true: '0'
      field_value: '0'
    user_fields: uid
  'entity_bundle:node':
    id: 'entity_bundle:node'
    negate: false
    context_mapping:
      node: '@node.node_route_context:node'
    bundles:
      collection_object: collection_object
