uuid: 0f2debb1-46e4-4246-99cf-268089b1aede
langcode: en
status: true
dependencies:
  module:
    - context
    - idc_ui_module
    - islandora
    - system
  theme:
    - idcui
id: idcsearchblock
theme: idcui
region: header_2
weight: 0
provider: null
plugin: idc_search_block
settings:
  id: idc_search_block
  label: 'IDC Search Block'
  label_display: '0'
  provider: idc_ui_module
visibility:
  view_inclusion:
    id: view_inclusion
    negate: null
    context_mapping: {  }
    view_inclusion: {  }
  request_path_exclusion:
    id: request_path_exclusion
    negate: null
    context_mapping: {  }
    pages: ''
  media_source_mimetype:
    id: media_source_mimetype
    mimetype: ''
    negate: false
    context_mapping: {  }
  request_path:
    id: request_path
    negate: true
    context_mapping: {  }
    pages: /search
