uuid: a09c20b1-393f-4368-827f-59c05083653d
langcode: en
status: true
dependencies:
  module:
    - context
    - idc_defaults
    - idc_ui_module
    - islandora
    - taxonomy
  theme:
    - idcui
id: topnavblock
theme: idcui
region: top_nav
weight: 0
provider: null
plugin: top_nav_block
settings:
  id: top_nav_block
  label: 'Top nav block'
  label_display: '0'
  provider: idc_ui_module
visibility:
  media_source_mimetype:
    id: media_source_mimetype
    mimetype: ''
    negate: false
    context_mapping: {  }
  context_all:
    id: context_all
    negate: null
    values: ''
  context:
    id: context
    negate: null
    values: ''
  user_status:
    id: user_status
    negate: false
    context_mapping:
      user: '@user.current_user_context:current_user'
    user_status:
      viewing_profile: '0'
      logged_viewing_profile: '0'
      own_page_true: '0'
      field_value: '0'
    user_fields: uid
  media_use_is_present:
    id: media_use_is_present
    logic: and
    uri: 'http://pcdm.org/use#Transcript'
    negate: true
    context_mapping:
      media: '@islandora.media_route_context_provider:media'
  'entity_bundle:taxonomy_term':
    id: 'entity_bundle:taxonomy_term'
    negate: true
    context_mapping:
      taxonomy_term: '@islandora.taxonomy_term_route_context_provider:taxonomy_term'
    bundles:
      access_rights: access_rights
