uuid: 72d7b060-2510-4dc6-9f15-0115cb54e5bd
langcode: en
status: true
dependencies:
  module:
    - context
    - idc_ui_module
    - islandora
  theme:
    - idcui
id: footerblock
theme: idcui
region: footer
weight: 0
provider: null
plugin: footer_block
settings:
  id: footer_block
  label: 'Footer block'
  label_display: '0'
  provider: idc_ui_module
visibility:
  view_inclusion:
    id: view_inclusion
    negate: null
    context_mapping: {  }
    view_inclusion: {  }
  request_path_exclusion:
    id: request_path_exclusion
    negate: null
    context_mapping: {  }
    pages: ''
  media_source_mimetype:
    id: media_source_mimetype
    mimetype: ''
    negate: false
    context_mapping: {  }
