uuid: cef11b66-b62f-4c53-8944-e666a716efc0
langcode: en
status: true
dependencies:
  module:
    - islandora
_core:
  default_config_hash: 3wN51ZrZ_CwiyII1vVdxC_77GRiISZ3ui3b3eBwVyF4
name: openseadragon_block
label: 'Paged Content - Openseadragon'
group: Display
description: 'Display a block for Paged Content'
requireAllConditions: false
disabled: false
conditions:
  node_has_term:
    id: node_has_term
    negate: false
    uuid: e5689bd5-7eec-4378-b329-2f35d5bb35b0
    uri: 'https://schema.org/Book'
    context_mapping:
      node: '@node.node_route_context:node'
    logic: and
reactions:
  blocks:
    blocks:
      4fe759c9-e1bf-4709-871c-7b8a407c840b:
        id: openseadragon_block
        label: 'Openseadragon block'
        provider: openseadragon
        label_display: '0'
        region: content
        weight: '-1'
        iiif_manifest_url: 'http://localhost:8000/node/[node:nid]/manifest'
        context_mapping: {  }
        theme: carapace
        css_class: ''
        unique: 0
        context_id: openseadragon_block
        uuid: 4fe759c9-e1bf-4709-871c-7b8a407c840b
        custom_id: openseadragon_block
      16401a13-1031-4ffe-96b2-5909df309f6a:
        id: openseadragon_block
        label: 'Openseadragon block'
        provider: openseadragon
        label_display: visible
        region: content
        weight: '0'
        iiif_manifest_url: 'http://localhost:8000/node/[node:nid]/book-manifest'
        context_mapping: {  }
        theme: bartik
        css_class: ''
        unique: 0
        context_id: openseadragon_block
        uuid: 16401a13-1031-4ffe-96b2-5909df309f6a
        custom_id: openseadragon_block
    id: blocks
    saved: false
    uuid: 50b9b25e-0836-4531-8a78-9698d71d81de
    include_default_blocks: 1
weight: -1
